lockfileVersion: '9.0'

settings:
  autoInstallPeers: true
  excludeLinksFromLockfile: false

importers:

  .:
    devDependencies:
      retype:
        specifier: ^0.2.0
        version: 0.2.0

packages:

  amdefine@1.0.1:
    resolution: {integrity: sha512-S2Hw0TtNkMJhIabBwIojKL9YHO5T0n5eNqWJ7Lrlel/zDbftQpxpapi8tZs3X1HWa+u+QeydGmzzNU0m09+Rcg==}
    engines: {node: '>=0.4.2'}

  async@0.2.10:
    resolution: {integrity: sha512-eAkdoKxU6/LkKDBzLpT+t6Ff5EtfSF4wx1WfJiPEEV7WNLnDaRXk0oVysiEPm262roaachGexwUv94WhSgN5TQ==}

  handlebars@2.0.0-alpha.2:
    resolution: {integrity: sha512-I1hrRfAul+WxKR0XClAd29lNbIr8XXZPB4j7yQjYcMqBNdW1Y6gK3eFhIq0NZ9Md6OdKl4ytjXhT1V86taNzSg==}
    engines: {node: '>=0.4.7'}
    hasBin: true

  optimist@0.3.7:
    resolution: {integrity: sha512-TCx0dXQzVtSCg2OgY/bO9hjM9cV4XYx09TVK+s3+FhkjT6LovsLe+pPMzpWf+6yXK/hUizs2gUoTw3jHM0VaTQ==}

  retype@0.2.0:
    resolution: {integrity: sha512-1daDMCVn3NjnAwNIOqUcaxQyxCIm0Rp8MBBh4JW7a1IgBkoO/tN2yKW5Iu9gHxub8zPO2XHzRqUMstgQbV4biQ==}

  source-map@0.1.43:
    resolution: {integrity: sha512-VtCvB9SIQhk3aF6h+N85EaqIaBFIAfZ9Cu+NJHHVvc8BbEcnvDcFw6sqQ2dQrT6SlOrZq3tIvyD9+EGq/lJryQ==}
    engines: {node: '>=0.8.0'}

  uglify-js@2.3.6:
    resolution: {integrity: sha512-T2LWWydxf5+Btpb0S/Gg/yKFmYjnX9jtQ4mdN9YRq73BhN21EhU0Dvw3wYDLqd3TooGUJlCKf3Gfyjjy/RTcWA==}
    engines: {node: '>=0.4.0'}
    hasBin: true

  wordwrap@0.0.3:
    resolution: {integrity: sha512-1tMA907+V4QmxV7dbRvb4/8MaRALK6q9Abid3ndMYnbyo8piisCmeONVqVSXqQA3KaP4SLt5b7ud6E2sqP8TFw==}
    engines: {node: '>=0.4.0'}

  xmldom@0.1.19:
    resolution: {integrity: sha512-pDyxjQSFQgNHkU+yjvoF+GXVGJU7e9EnOg/KcGMDihBIKjTsOeDYaECwC/O9bsUWKY+Sd9izfE43JXC46EOHKA==}
    engines: {node: '>=0.1'}
    deprecated: Deprecated due to CVE-2021-21366 resolved in 0.5.0

snapshots:

  amdefine@1.0.1:
    optional: true

  async@0.2.10:
    optional: true

  handlebars@2.0.0-alpha.2:
    dependencies:
      optimist: 0.3.7
    optionalDependencies:
      uglify-js: 2.3.6

  optimist@0.3.7:
    dependencies:
      wordwrap: 0.0.3

  retype@0.2.0:
    dependencies:
      handlebars: 2.0.0-alpha.2
      xmldom: 0.1.19

  source-map@0.1.43:
    dependencies:
      amdefine: 1.0.1
    optional: true

  uglify-js@2.3.6:
    dependencies:
      async: 0.2.10
      optimist: 0.3.7
      source-map: 0.1.43
    optional: true

  wordwrap@0.0.3: {}

  xmldom@0.1.19: {}
